// !$*UTF8*$!
{
	archiveVersion = 1;
	classes = {
	};
	objectVersion = 46;
	objects = {

/* Begin PBXBuildFile section */
		452D58F41EF9C8150056F3E7 /* assimp.a in Frameworks */ = {isa = PBXBuildFile; fileRef = 452D58E71EF9C8150056F3E7 /* assimp.a */; };
		452D58F51EF9C8150056F3E7 /* ofxAssimpAnimation.cpp in Sources */ = {isa = PBXBuildFile; fileRef = 452D58EB1EF9C8150056F3E7 /* ofxAssimpAnimation.cpp */; };
		452D58F61EF9C8150056F3E7 /* ofxAssimpMeshHelper.cpp in Sources */ = {isa = PBXBuildFile; fileRef = 452D58ED1EF9C8150056F3E7 /* ofxAssimpMeshHelper.cpp */; };
		452D58F71EF9C8150056F3E7 /* ofxAssimpModelLoader.cpp in Sources */ = {isa = PBXBuildFile; fileRef = 452D58EF1EF9C8150056F3E7 /* ofxAssimpModelLoader.cpp */; };
		452D58F81EF9C8150056F3E7 /* ofxAssimpTexture.cpp in Sources */ = {isa = PBXBuildFile; fileRef = 452D58F11EF9C8150056F3E7 /* ofxAssimpTexture.cpp */; };
		454408D71EF83B3000BCF9EE /* FontManager.cpp in Sources */ = {isa = PBXBuildFile; fileRef = 454408CC1EF83B3000BCF9EE /* FontManager.cpp */; };
		454408D81EF83B3000BCF9EE /* Graph.cpp in Sources */ = {isa = PBXBuildFile; fileRef = 454408CE1EF83B3000BCF9EE /* Graph.cpp */; };
		454408D91EF83B3000BCF9EE /* Util.cpp in Sources */ = {isa = PBXBuildFile; fileRef = 454408D41EF83B3000BCF9EE /* Util.cpp */; };
		459B1DC51EF95FE8003A3E3F /* TexView.cpp in Sources */ = {isa = PBXBuildFile; fileRef = 459B1DC31EF95FE8003A3E3F /* TexView.cpp */; };
		459B1DDE1EF96296003A3E3F /* ofxBaseGui.cpp in Sources */ = {isa = PBXBuildFile; fileRef = 459B1DC91EF96296003A3E3F /* ofxBaseGui.cpp */; };
		459B1DDF1EF96296003A3E3F /* ofxButton.cpp in Sources */ = {isa = PBXBuildFile; fileRef = 459B1DCB1EF96296003A3E3F /* ofxButton.cpp */; };
		459B1DE01EF96296003A3E3F /* ofxColorPicker.cpp in Sources */ = {isa = PBXBuildFile; fileRef = 459B1DCD1EF96296003A3E3F /* ofxColorPicker.cpp */; };
		459B1DE11EF96296003A3E3F /* ofxGuiGroup.cpp in Sources */ = {isa = PBXBuildFile; fileRef = 459B1DD01EF96296003A3E3F /* ofxGuiGroup.cpp */; };
		459B1DE21EF96296003A3E3F /* ofxInputField.cpp in Sources */ = {isa = PBXBuildFile; fileRef = 459B1DD21EF96296003A3E3F /* ofxInputField.cpp */; };
		459B1DE31EF96296003A3E3F /* ofxLabel.cpp in Sources */ = {isa = PBXBuildFile; fileRef = 459B1DD41EF96296003A3E3F /* ofxLabel.cpp */; };
		459B1DE41EF96296003A3E3F /* ofxPanel.cpp in Sources */ = {isa = PBXBuildFile; fileRef = 459B1DD61EF96296003A3E3F /* ofxPanel.cpp */; };
		459B1DE51EF96296003A3E3F /* ofxSlider.cpp in Sources */ = {isa = PBXBuildFile; fileRef = 459B1DD81EF96296003A3E3F /* ofxSlider.cpp */; };
		459B1DE61EF96296003A3E3F /* ofxSliderGroup.cpp in Sources */ = {isa = PBXBuildFile; fileRef = 459B1DDA1EF96296003A3E3F /* ofxSliderGroup.cpp */; };
		459B1DE71EF96296003A3E3F /* ofxToggle.cpp in Sources */ = {isa = PBXBuildFile; fileRef = 459B1DDC1EF96296003A3E3F /* ofxToggle.cpp */; };
		459B1DEB1EF9794F003A3E3F /* DomeView.cpp in Sources */ = {isa = PBXBuildFile; fileRef = 459B1DE91EF9794F003A3E3F /* DomeView.cpp */; };
		459B1DEE1EF97B74003A3E3F /* Renderable.cpp in Sources */ = {isa = PBXBuildFile; fileRef = 459B1DEC1EF97B74003A3E3F /* Renderable.cpp */; };
		630D46DEBC2B6DC21603F304 /* ofxTextureRecorder.cpp in Sources */ = {isa = PBXBuildFile; fileRef = 34337B05439122D787E45362 /* ofxTextureRecorder.cpp */; };
		B88A57B4B0BA6191EF3571E9 /* ofxSvg.cpp in Sources */ = {isa = PBXBuildFile; fileRef = B9E16009E1772C6D00B20013 /* ofxSvg.cpp */; };
		E4328149138ABC9F0047C5CB /* openFrameworksDebug.a in Frameworks */ = {isa = PBXBuildFile; fileRef = E4328148138ABC890047C5CB /* openFrameworksDebug.a */; };
		E4B69E210A3A1BDC003C02F2 /* ofApp.cpp in Sources */ = {isa = PBXBuildFile; fileRef = E4B69E1E0A3A1BDC003C02F2 /* ofApp.cpp */; };
/* End PBXBuildFile section */

/* Begin PBXContainerItemProxy section */
		E4328147138ABC890047C5CB /* PBXContainerItemProxy */ = {
			isa = PBXContainerItemProxy;
			containerPortal = E4328143138ABC890047C5CB /* openFrameworksLib.xcodeproj */;
			proxyType = 2;
			remoteGlobalIDString = E4B27C1510CBEB8E00536013;
			remoteInfo = openFrameworks;
		};
		E4EEB9AB138B136A00A80321 /* PBXContainerItemProxy */ = {
			isa = PBXContainerItemProxy;
			containerPortal = E4328143138ABC890047C5CB /* openFrameworksLib.xcodeproj */;
			proxyType = 1;
			remoteGlobalIDString = E4B27C1410CBEB8E00536013;
			remoteInfo = openFrameworks;
		};
/* End PBXContainerItemProxy section */

/* Begin PBXCopyFilesBuildPhase section */
		E4C2427710CC5ABF004149E2 /* CopyFiles */ = {
			isa = PBXCopyFilesBuildPhase;
			buildActionMask = 2147483647;
			dstPath = "";
			dstSubfolderSpec = 10;
			files = (
			);
			runOnlyForDeploymentPostprocessing = 0;
		};
/* End PBXCopyFilesBuildPhase section */

/* Begin PBXFileReference section */
		01C0AE67B65E3D57BCC6FA25 /* xpath.h */ = {isa = PBXFileReference; explicitFileType = sourcecode.c.h; fileEncoding = 30; name = xpath.h; path = ../../../addons/ofxSvg/libs/libxml2/include/libxml/xpath.h; sourceTree = SOURCE_ROOT; };
		041694F7615BCBA3BBAF00F2 /* xmlschemastypes.h */ = {isa = PBXFileReference; explicitFileType = sourcecode.c.h; fileEncoding = 30; name = xmlschemastypes.h; path = ../../../addons/ofxSvg/libs/libxml2/include/libxml/xmlschemastypes.h; sourceTree = SOURCE_ROOT; };
		052ADD5D6B20B188FB77163A /* xmlversion.h */ = {isa = PBXFileReference; explicitFileType = sourcecode.c.h; fileEncoding = 30; name = xmlversion.h; path = ../../../addons/ofxSvg/libs/libxml2/include/libxml/xmlversion.h; sourceTree = SOURCE_ROOT; };
		0CDD7CD276D93C5D2EACF32D /* xinclude.h */ = {isa = PBXFileReference; explicitFileType = sourcecode.c.h; fileEncoding = 30; name = xinclude.h; path = ../../../addons/ofxSvg/libs/libxml2/include/libxml/xinclude.h; sourceTree = SOURCE_ROOT; };
		144DBB9FE6149744D484ECBA /* SAX2.h */ = {isa = PBXFileReference; explicitFileType = sourcecode.c.h; fileEncoding = 30; name = SAX2.h; path = ../../../addons/ofxSvg/libs/libxml2/include/libxml/SAX2.h; sourceTree = SOURCE_ROOT; };
		22971C55A80288DE7E9FFAF8 /* c14n.h */ = {isa = PBXFileReference; explicitFileType = sourcecode.c.h; fileEncoding = 30; name = c14n.h; path = ../../../addons/ofxSvg/libs/libxml2/include/libxml/c14n.h; sourceTree = SOURCE_ROOT; };
		281AEACBABA9F6873CA63383 /* encoding.h */ = {isa = PBXFileReference; explicitFileType = sourcecode.c.h; fileEncoding = 30; name = encoding.h; path = ../../../addons/ofxSvg/libs/libxml2/include/libxml/encoding.h; sourceTree = SOURCE_ROOT; };
		2D13799635BB152B8F1A4E9A /* chvalid.h */ = {isa = PBXFileReference; explicitFileType = sourcecode.c.h; fileEncoding = 30; name = chvalid.h; path = ../../../addons/ofxSvg/libs/libxml2/include/libxml/chvalid.h; sourceTree = SOURCE_ROOT; };
		34337B05439122D787E45362 /* ofxTextureRecorder.cpp */ = {isa = PBXFileReference; explicitFileType = sourcecode.cpp.cpp; fileEncoding = 30; name = ofxTextureRecorder.cpp; path = ../../../addons/ofxTextureRecorder/src/ofxTextureRecorder.cpp; sourceTree = SOURCE_ROOT; };
		375C1EB5EB0C6DB428BD21C4 /* xmlIO.h */ = {isa = PBXFileReference; explicitFileType = sourcecode.c.h; fileEncoding = 30; name = xmlIO.h; path = ../../../addons/ofxSvg/libs/libxml2/include/libxml/xmlIO.h; sourceTree = SOURCE_ROOT; };
		3DE7DC883ECEEEE46BC84579 /* pattern.h */ = {isa = PBXFileReference; explicitFileType = sourcecode.c.h; fileEncoding = 30; name = pattern.h; path = ../../../addons/ofxSvg/libs/libxml2/include/libxml/pattern.h; sourceTree = SOURCE_ROOT; };
		452D58B41EF9C8150056F3E7 /* addon_config.mk */ = {isa = PBXFileReference; fileEncoding = 4; lastKnownFileType = text; path = addon_config.mk; sourceTree = "<group>"; };
		452D58B91EF9C8150056F3E7 /* ai_assert.h */ = {isa = PBXFileReference; fileEncoding = 4; lastKnownFileType = sourcecode.c.h; path = ai_assert.h; sourceTree = "<group>"; };
		452D58BA1EF9C8150056F3E7 /* anim.h */ = {isa = PBXFileReference; fileEncoding = 4; lastKnownFileType = sourcecode.c.h; path = anim.h; sourceTree = "<group>"; };
		452D58BB1EF9C8150056F3E7 /* camera.h */ = {isa = PBXFileReference; fileEncoding = 4; lastKnownFileType = sourcecode.c.h; path = camera.h; sourceTree = "<group>"; };
		452D58BC1EF9C8150056F3E7 /* cexport.h */ = {isa = PBXFileReference; fileEncoding = 4; lastKnownFileType = sourcecode.c.h; path = cexport.h; sourceTree = "<group>"; };
		452D58BD1EF9C8150056F3E7 /* cfileio.h */ = {isa = PBXFileReference; fileEncoding = 4; lastKnownFileType = sourcecode.c.h; path = cfileio.h; sourceTree = "<group>"; };
		452D58BE1EF9C8150056F3E7 /* cimport.h */ = {isa = PBXFileReference; fileEncoding = 4; lastKnownFileType = sourcecode.c.h; path = cimport.h; sourceTree = "<group>"; };
		452D58BF1EF9C8150056F3E7 /* color4.h */ = {isa = PBXFileReference; fileEncoding = 4; lastKnownFileType = sourcecode.c.h; path = color4.h; sourceTree = "<group>"; };
		452D58C01EF9C8150056F3E7 /* color4.inl */ = {isa = PBXFileReference; fileEncoding = 4; lastKnownFileType = text; path = color4.inl; sourceTree = "<group>"; };
		452D58C21EF9C8150056F3E7 /* poppack1.h */ = {isa = PBXFileReference; fileEncoding = 4; lastKnownFileType = sourcecode.c.h; path = poppack1.h; sourceTree = "<group>"; };
		452D58C31EF9C8150056F3E7 /* pstdint.h */ = {isa = PBXFileReference; fileEncoding = 4; lastKnownFileType = sourcecode.c.h; path = pstdint.h; sourceTree = "<group>"; };
		452D58C41EF9C8150056F3E7 /* pushpack1.h */ = {isa = PBXFileReference; fileEncoding = 4; lastKnownFileType = sourcecode.c.h; path = pushpack1.h; sourceTree = "<group>"; };
		452D58C51EF9C8150056F3E7 /* config.h */ = {isa = PBXFileReference; fileEncoding = 4; lastKnownFileType = sourcecode.c.h; path = config.h; sourceTree = "<group>"; };
		452D58C61EF9C8150056F3E7 /* DefaultLogger.hpp */ = {isa = PBXFileReference; fileEncoding = 4; lastKnownFileType = sourcecode.cpp.h; path = DefaultLogger.hpp; sourceTree = "<group>"; };
		452D58C71EF9C8150056F3E7 /* defs.h */ = {isa = PBXFileReference; fileEncoding = 4; lastKnownFileType = sourcecode.c.h; path = defs.h; sourceTree = "<group>"; };
		452D58C81EF9C8150056F3E7 /* Exporter.hpp */ = {isa = PBXFileReference; fileEncoding = 4; lastKnownFileType = sourcecode.cpp.h; path = Exporter.hpp; sourceTree = "<group>"; };
		452D58C91EF9C8150056F3E7 /* Importer.hpp */ = {isa = PBXFileReference; fileEncoding = 4; lastKnownFileType = sourcecode.cpp.h; path = Importer.hpp; sourceTree = "<group>"; };
		452D58CA1EF9C8150056F3E7 /* importerdesc.h */ = {isa = PBXFileReference; fileEncoding = 4; lastKnownFileType = sourcecode.c.h; path = importerdesc.h; sourceTree = "<group>"; };
		452D58CB1EF9C8150056F3E7 /* IOStream.hpp */ = {isa = PBXFileReference; fileEncoding = 4; lastKnownFileType = sourcecode.cpp.h; path = IOStream.hpp; sourceTree = "<group>"; };
		452D58CC1EF9C8150056F3E7 /* IOSystem.hpp */ = {isa = PBXFileReference; fileEncoding = 4; lastKnownFileType = sourcecode.cpp.h; path = IOSystem.hpp; sourceTree = "<group>"; };
		452D58CD1EF9C8150056F3E7 /* light.h */ = {isa = PBXFileReference; fileEncoding = 4; lastKnownFileType = sourcecode.c.h; path = light.h; sourceTree = "<group>"; };
		452D58CE1EF9C8150056F3E7 /* Logger.hpp */ = {isa = PBXFileReference; fileEncoding = 4; lastKnownFileType = sourcecode.cpp.h; path = Logger.hpp; sourceTree = "<group>"; };
		452D58CF1EF9C8150056F3E7 /* LogStream.hpp */ = {isa = PBXFileReference; fileEncoding = 4; lastKnownFileType = sourcecode.cpp.h; path = LogStream.hpp; sourceTree = "<group>"; };
		452D58D01EF9C8150056F3E7 /* material.h */ = {isa = PBXFileReference; fileEncoding = 4; lastKnownFileType = sourcecode.c.h; path = material.h; sourceTree = "<group>"; };
		452D58D11EF9C8150056F3E7 /* material.inl */ = {isa = PBXFileReference; fileEncoding = 4; lastKnownFileType = text; path = material.inl; sourceTree = "<group>"; };
		452D58D21EF9C8150056F3E7 /* matrix3x3.h */ = {isa = PBXFileReference; fileEncoding = 4; lastKnownFileType = sourcecode.c.h; path = matrix3x3.h; sourceTree = "<group>"; };
		452D58D31EF9C8150056F3E7 /* matrix3x3.inl */ = {isa = PBXFileReference; fileEncoding = 4; lastKnownFileType = text; path = matrix3x3.inl; sourceTree = "<group>"; };
		452D58D41EF9C8150056F3E7 /* matrix4x4.h */ = {isa = PBXFileReference; fileEncoding = 4; lastKnownFileType = sourcecode.c.h; path = matrix4x4.h; sourceTree = "<group>"; };
		452D58D51EF9C8150056F3E7 /* matrix4x4.inl */ = {isa = PBXFileReference; fileEncoding = 4; lastKnownFileType = text; path = matrix4x4.inl; sourceTree = "<group>"; };
		452D58D61EF9C8150056F3E7 /* mesh.h */ = {isa = PBXFileReference; fileEncoding = 4; lastKnownFileType = sourcecode.c.h; path = mesh.h; sourceTree = "<group>"; };
		452D58D71EF9C8150056F3E7 /* metadata.h */ = {isa = PBXFileReference; fileEncoding = 4; lastKnownFileType = sourcecode.c.h; path = metadata.h; sourceTree = "<group>"; };
		452D58D81EF9C8150056F3E7 /* NullLogger.hpp */ = {isa = PBXFileReference; fileEncoding = 4; lastKnownFileType = sourcecode.cpp.h; path = NullLogger.hpp; sourceTree = "<group>"; };
		452D58D91EF9C8150056F3E7 /* postprocess.h */ = {isa = PBXFileReference; fileEncoding = 4; lastKnownFileType = sourcecode.c.h; path = postprocess.h; sourceTree = "<group>"; };
		452D58DA1EF9C8150056F3E7 /* ProgressHandler.hpp */ = {isa = PBXFileReference; fileEncoding = 4; lastKnownFileType = sourcecode.cpp.h; path = ProgressHandler.hpp; sourceTree = "<group>"; };
		452D58DB1EF9C8150056F3E7 /* quaternion.h */ = {isa = PBXFileReference; fileEncoding = 4; lastKnownFileType = sourcecode.c.h; path = quaternion.h; sourceTree = "<group>"; };
		452D58DC1EF9C8150056F3E7 /* quaternion.inl */ = {isa = PBXFileReference; fileEncoding = 4; lastKnownFileType = text; path = quaternion.inl; sourceTree = "<group>"; };
		452D58DD1EF9C8150056F3E7 /* scene.h */ = {isa = PBXFileReference; fileEncoding = 4; lastKnownFileType = sourcecode.c.h; path = scene.h; sourceTree = "<group>"; };
		452D58DE1EF9C8150056F3E7 /* texture.h */ = {isa = PBXFileReference; fileEncoding = 4; lastKnownFileType = sourcecode.c.h; path = texture.h; sourceTree = "<group>"; };
		452D58DF1EF9C8150056F3E7 /* types.h */ = {isa = PBXFileReference; fileEncoding = 4; lastKnownFileType = sourcecode.c.h; path = types.h; sourceTree = "<group>"; };
		452D58E01EF9C8150056F3E7 /* vector2.h */ = {isa = PBXFileReference; fileEncoding = 4; lastKnownFileType = sourcecode.c.h; path = vector2.h; sourceTree = "<group>"; };
		452D58E11EF9C8150056F3E7 /* vector2.inl */ = {isa = PBXFileReference; fileEncoding = 4; lastKnownFileType = text; path = vector2.inl; sourceTree = "<group>"; };
		452D58E21EF9C8150056F3E7 /* vector3.h */ = {isa = PBXFileReference; fileEncoding = 4; lastKnownFileType = sourcecode.c.h; path = vector3.h; sourceTree = "<group>"; };
		452D58E31EF9C8150056F3E7 /* vector3.inl */ = {isa = PBXFileReference; fileEncoding = 4; lastKnownFileType = text; path = vector3.inl; sourceTree = "<group>"; };
		452D58E41EF9C8150056F3E7 /* version.h */ = {isa = PBXFileReference; fileEncoding = 4; lastKnownFileType = sourcecode.c.h; path = version.h; sourceTree = "<group>"; };
		452D58E71EF9C8150056F3E7 /* assimp.a */ = {isa = PBXFileReference; lastKnownFileType = archive.ar; path = assimp.a; sourceTree = "<group>"; };
		452D58EB1EF9C8150056F3E7 /* ofxAssimpAnimation.cpp */ = {isa = PBXFileReference; fileEncoding = 4; lastKnownFileType = sourcecode.cpp.cpp; path = ofxAssimpAnimation.cpp; sourceTree = "<group>"; };
		452D58EC1EF9C8150056F3E7 /* ofxAssimpAnimation.h */ = {isa = PBXFileReference; fileEncoding = 4; lastKnownFileType = sourcecode.c.h; path = ofxAssimpAnimation.h; sourceTree = "<group>"; };
		452D58ED1EF9C8150056F3E7 /* ofxAssimpMeshHelper.cpp */ = {isa = PBXFileReference; fileEncoding = 4; lastKnownFileType = sourcecode.cpp.cpp; path = ofxAssimpMeshHelper.cpp; sourceTree = "<group>"; };
		452D58EE1EF9C8150056F3E7 /* ofxAssimpMeshHelper.h */ = {isa = PBXFileReference; fileEncoding = 4; lastKnownFileType = sourcecode.c.h; path = ofxAssimpMeshHelper.h; sourceTree = "<group>"; };
		452D58EF1EF9C8150056F3E7 /* ofxAssimpModelLoader.cpp */ = {isa = PBXFileReference; fileEncoding = 4; lastKnownFileType = sourcecode.cpp.cpp; path = ofxAssimpModelLoader.cpp; sourceTree = "<group>"; };
		452D58F01EF9C8150056F3E7 /* ofxAssimpModelLoader.h */ = {isa = PBXFileReference; fileEncoding = 4; lastKnownFileType = sourcecode.c.h; path = ofxAssimpModelLoader.h; sourceTree = "<group>"; };
		452D58F11EF9C8150056F3E7 /* ofxAssimpTexture.cpp */ = {isa = PBXFileReference; fileEncoding = 4; lastKnownFileType = sourcecode.cpp.cpp; path = ofxAssimpTexture.cpp; sourceTree = "<group>"; };
		452D58F21EF9C8150056F3E7 /* ofxAssimpTexture.h */ = {isa = PBXFileReference; fileEncoding = 4; lastKnownFileType = sourcecode.c.h; path = ofxAssimpTexture.h; sourceTree = "<group>"; };
		452D58F31EF9C8150056F3E7 /* ofxAssimpUtils.h */ = {isa = PBXFileReference; fileEncoding = 4; lastKnownFileType = sourcecode.c.h; path = ofxAssimpUtils.h; sourceTree = "<group>"; };
		454408C81EF83B3000BCF9EE /* AnimationParts.h */ = {isa = PBXFileReference; fileEncoding = 4; lastKnownFileType = sourcecode.c.h; path = AnimationParts.h; sourceTree = "<group>"; };
		454408CB1EF83B3000BCF9EE /* EasingPrm.h */ = {isa = PBXFileReference; fileEncoding = 4; lastKnownFileType = sourcecode.c.h; path = EasingPrm.h; sourceTree = "<group>"; };
		454408CC1EF83B3000BCF9EE /* FontManager.cpp */ = {isa = PBXFileReference; fileEncoding = 4; lastKnownFileType = sourcecode.cpp.cpp; path = FontManager.cpp; sourceTree = "<group>"; };
		454408CD1EF83B3000BCF9EE /* FontManager.h */ = {isa = PBXFileReference; fileEncoding = 4; lastKnownFileType = sourcecode.c.h; path = FontManager.h; sourceTree = "<group>"; };
		454408CE1EF83B3000BCF9EE /* Graph.cpp */ = {isa = PBXFileReference; fileEncoding = 4; lastKnownFileType = sourcecode.cpp.cpp; path = Graph.cpp; sourceTree = "<group>"; };
		454408CF1EF83B3000BCF9EE /* Graph.h */ = {isa = PBXFileReference; fileEncoding = 4; lastKnownFileType = sourcecode.c.h; path = Graph.h; sourceTree = "<group>"; };
		454408D01EF83B3000BCF9EE /* RfExporterBin.h */ = {isa = PBXFileReference; fileEncoding = 4; lastKnownFileType = sourcecode.c.h; path = RfExporterBin.h; sourceTree = "<group>"; };
		454408D11EF83B3000BCF9EE /* RfImporterBin.h */ = {isa = PBXFileReference; fileEncoding = 4; lastKnownFileType = sourcecode.c.h; path = RfImporterBin.h; sourceTree = "<group>"; };
		454408D21EF83B3000BCF9EE /* RfImporterRpc.h */ = {isa = PBXFileReference; fileEncoding = 4; lastKnownFileType = sourcecode.c.h; path = RfImporterRpc.h; sourceTree = "<group>"; };
		454408D31EF83B3000BCF9EE /* ScreenDef.h */ = {isa = PBXFileReference; fileEncoding = 4; lastKnownFileType = sourcecode.c.h; path = ScreenDef.h; sourceTree = "<group>"; };
		454408D41EF83B3000BCF9EE /* Util.cpp */ = {isa = PBXFileReference; fileEncoding = 4; lastKnownFileType = sourcecode.cpp.cpp; path = Util.cpp; sourceTree = "<group>"; };
		454408D51EF83B3000BCF9EE /* Util.h */ = {isa = PBXFileReference; fileEncoding = 4; lastKnownFileType = sourcecode.c.h; path = Util.h; sourceTree = "<group>"; };
		459B1DC31EF95FE8003A3E3F /* TexView.cpp */ = {isa = PBXFileReference; fileEncoding = 4; lastKnownFileType = sourcecode.cpp.cpp; path = TexView.cpp; sourceTree = "<group>"; };
		459B1DC41EF95FE8003A3E3F /* TexView.h */ = {isa = PBXFileReference; fileEncoding = 4; lastKnownFileType = sourcecode.c.h; path = TexView.h; sourceTree = "<group>"; };
		459B1DC91EF96296003A3E3F /* ofxBaseGui.cpp */ = {isa = PBXFileReference; fileEncoding = 4; lastKnownFileType = sourcecode.cpp.cpp; path = ofxBaseGui.cpp; sourceTree = "<group>"; };
		459B1DCA1EF96296003A3E3F /* ofxBaseGui.h */ = {isa = PBXFileReference; fileEncoding = 4; lastKnownFileType = sourcecode.c.h; path = ofxBaseGui.h; sourceTree = "<group>"; };
		459B1DCB1EF96296003A3E3F /* ofxButton.cpp */ = {isa = PBXFileReference; fileEncoding = 4; lastKnownFileType = sourcecode.cpp.cpp; path = ofxButton.cpp; sourceTree = "<group>"; };
		459B1DCC1EF96296003A3E3F /* ofxButton.h */ = {isa = PBXFileReference; fileEncoding = 4; lastKnownFileType = sourcecode.c.h; path = ofxButton.h; sourceTree = "<group>"; };
		459B1DCD1EF96296003A3E3F /* ofxColorPicker.cpp */ = {isa = PBXFileReference; fileEncoding = 4; lastKnownFileType = sourcecode.cpp.cpp; path = ofxColorPicker.cpp; sourceTree = "<group>"; };
		459B1DCE1EF96296003A3E3F /* ofxColorPicker.h */ = {isa = PBXFileReference; fileEncoding = 4; lastKnownFileType = sourcecode.c.h; path = ofxColorPicker.h; sourceTree = "<group>"; };
		459B1DCF1EF96296003A3E3F /* ofxGui.h */ = {isa = PBXFileReference; fileEncoding = 4; lastKnownFileType = sourcecode.c.h; path = ofxGui.h; sourceTree = "<group>"; };
		459B1DD01EF96296003A3E3F /* ofxGuiGroup.cpp */ = {isa = PBXFileReference; fileEncoding = 4; lastKnownFileType = sourcecode.cpp.cpp; path = ofxGuiGroup.cpp; sourceTree = "<group>"; };
		459B1DD11EF96296003A3E3F /* ofxGuiGroup.h */ = {isa = PBXFileReference; fileEncoding = 4; lastKnownFileType = sourcecode.c.h; path = ofxGuiGroup.h; sourceTree = "<group>"; };
		459B1DD21EF96296003A3E3F /* ofxInputField.cpp */ = {isa = PBXFileReference; fileEncoding = 4; lastKnownFileType = sourcecode.cpp.cpp; path = ofxInputField.cpp; sourceTree = "<group>"; };
		459B1DD31EF96296003A3E3F /* ofxInputField.h */ = {isa = PBXFileReference; fileEncoding = 4; lastKnownFileType = sourcecode.c.h; path = ofxInputField.h; sourceTree = "<group>"; };
		459B1DD41EF96296003A3E3F /* ofxLabel.cpp */ = {isa = PBXFileReference; fileEncoding = 4; lastKnownFileType = sourcecode.cpp.cpp; path = ofxLabel.cpp; sourceTree = "<group>"; };
		459B1DD51EF96296003A3E3F /* ofxLabel.h */ = {isa = PBXFileReference; fileEncoding = 4; lastKnownFileType = sourcecode.c.h; path = ofxLabel.h; sourceTree = "<group>"; };
		459B1DD61EF96296003A3E3F /* ofxPanel.cpp */ = {isa = PBXFileReference; fileEncoding = 4; lastKnownFileType = sourcecode.cpp.cpp; path = ofxPanel.cpp; sourceTree = "<group>"; };
		459B1DD71EF96296003A3E3F /* ofxPanel.h */ = {isa = PBXFileReference; fileEncoding = 4; lastKnownFileType = sourcecode.c.h; path = ofxPanel.h; sourceTree = "<group>"; };
		459B1DD81EF96296003A3E3F /* ofxSlider.cpp */ = {isa = PBXFileReference; fileEncoding = 4; lastKnownFileType = sourcecode.cpp.cpp; path = ofxSlider.cpp; sourceTree = "<group>"; };
		459B1DD91EF96296003A3E3F /* ofxSlider.h */ = {isa = PBXFileReference; fileEncoding = 4; lastKnownFileType = sourcecode.c.h; path = ofxSlider.h; sourceTree = "<group>"; };
		459B1DDA1EF96296003A3E3F /* ofxSliderGroup.cpp */ = {isa = PBXFileReference; fileEncoding = 4; lastKnownFileType = sourcecode.cpp.cpp; path = ofxSliderGroup.cpp; sourceTree = "<group>"; };
		459B1DDB1EF96296003A3E3F /* ofxSliderGroup.h */ = {isa = PBXFileReference; fileEncoding = 4; lastKnownFileType = sourcecode.c.h; path = ofxSliderGroup.h; sourceTree = "<group>"; };
		459B1DDC1EF96296003A3E3F /* ofxToggle.cpp */ = {isa = PBXFileReference; fileEncoding = 4; lastKnownFileType = sourcecode.cpp.cpp; path = ofxToggle.cpp; sourceTree = "<group>"; };
		459B1DDD1EF96296003A3E3F /* ofxToggle.h */ = {isa = PBXFileReference; fileEncoding = 4; lastKnownFileType = sourcecode.c.h; path = ofxToggle.h; sourceTree = "<group>"; };
		459B1DE91EF9794F003A3E3F /* DomeView.cpp */ = {isa = PBXFileReference; fileEncoding = 4; lastKnownFileType = sourcecode.cpp.cpp; path = DomeView.cpp; sourceTree = "<group>"; };
		459B1DEA1EF9794F003A3E3F /* DomeView.h */ = {isa = PBXFileReference; fileEncoding = 4; lastKnownFileType = sourcecode.c.h; path = DomeView.h; sourceTree = "<group>"; };
		459B1DEC1EF97B74003A3E3F /* Renderable.cpp */ = {isa = PBXFileReference; fileEncoding = 4; lastKnownFileType = sourcecode.cpp.cpp; path = Renderable.cpp; sourceTree = "<group>"; };
		459B1DED1EF97B74003A3E3F /* Renderable.h */ = {isa = PBXFileReference; fileEncoding = 4; lastKnownFileType = sourcecode.c.h; path = Renderable.h; sourceTree = "<group>"; };
		56850FE6F91EC6754F6C8B33 /* HTMLparser.h */ = {isa = PBXFileReference; explicitFileType = sourcecode.c.h; fileEncoding = 30; name = HTMLparser.h; path = ../../../addons/ofxSvg/libs/libxml2/include/libxml/HTMLparser.h; sourceTree = SOURCE_ROOT; };
		5AC81D37E977C3921A197DFA /* xmlmodule.h */ = {isa = PBXFileReference; explicitFileType = sourcecode.c.h; fileEncoding = 30; name = xmlmodule.h; path = ../../../addons/ofxSvg/libs/libxml2/include/libxml/xmlmodule.h; sourceTree = SOURCE_ROOT; };
		66B0240E8FAA94E3CBDD22E6 /* relaxng.h */ = {isa = PBXFileReference; explicitFileType = sourcecode.c.h; fileEncoding = 30; name = relaxng.h; path = ../../../addons/ofxSvg/libs/libxml2/include/libxml/relaxng.h; sourceTree = SOURCE_ROOT; };
		6B44FCEE9BB8CEB2D2429F5D /* ofxTextureRecorder.h */ = {isa = PBXFileReference; explicitFileType = sourcecode.c.h; fileEncoding = 30; name = ofxTextureRecorder.h; path = ../../../addons/ofxTextureRecorder/src/ofxTextureRecorder.h; sourceTree = SOURCE_ROOT; };
		6C7327601642F7AF5EAC3E93 /* nanohttp.h */ = {isa = PBXFileReference; explicitFileType = sourcecode.c.h; fileEncoding = 30; name = nanohttp.h; path = ../../../addons/ofxSvg/libs/libxml2/include/libxml/nanohttp.h; sourceTree = SOURCE_ROOT; };
		739E147D20FE8ADE03EDF261 /* tree.h */ = {isa = PBXFileReference; explicitFileType = sourcecode.c.h; fileEncoding = 30; name = tree.h; path = ../../../addons/ofxSvg/libs/libxml2/include/libxml/tree.h; sourceTree = SOURCE_ROOT; };
		744D7095DB2729C899F51683 /* xmlreader.h */ = {isa = PBXFileReference; explicitFileType = sourcecode.c.h; fileEncoding = 30; name = xmlreader.h; path = ../../../addons/ofxSvg/libs/libxml2/include/libxml/xmlreader.h; sourceTree = SOURCE_ROOT; };
		74DFE545A3C59F0B7BB75497 /* xmlmemory.h */ = {isa = PBXFileReference; explicitFileType = sourcecode.c.h; fileEncoding = 30; name = xmlmemory.h; path = ../../../addons/ofxSvg/libs/libxml2/include/libxml/xmlmemory.h; sourceTree = SOURCE_ROOT; };
		760687A5827CC4CC7269A329 /* xmlautomata.h */ = {isa = PBXFileReference; explicitFileType = sourcecode.c.h; fileEncoding = 30; name = xmlautomata.h; path = ../../../addons/ofxSvg/libs/libxml2/include/libxml/xmlautomata.h; sourceTree = SOURCE_ROOT; };
		78A718EFC090F3F340448CD4 /* xmlwriter.h */ = {isa = PBXFileReference; explicitFileType = sourcecode.c.h; fileEncoding = 30; name = xmlwriter.h; path = ../../../addons/ofxSvg/libs/libxml2/include/libxml/xmlwriter.h; sourceTree = SOURCE_ROOT; };
		7B8FF9804D9375B3CD7B3367 /* xmlschemas.h */ = {isa = PBXFileReference; explicitFileType = sourcecode.c.h; fileEncoding = 30; name = xmlschemas.h; path = ../../../addons/ofxSvg/libs/libxml2/include/libxml/xmlschemas.h; sourceTree = SOURCE_ROOT; };
		877612E1E8AB8BFAE6413F02 /* catalog.h */ = {isa = PBXFileReference; explicitFileType = sourcecode.c.h; fileEncoding = 30; name = catalog.h; path = ../../../addons/ofxSvg/libs/libxml2/include/libxml/catalog.h; sourceTree = SOURCE_ROOT; };
		8D625C15518F63F78CC8C460 /* nanoftp.h */ = {isa = PBXFileReference; explicitFileType = sourcecode.c.h; fileEncoding = 30; name = nanoftp.h; path = ../../../addons/ofxSvg/libs/libxml2/include/libxml/nanoftp.h; sourceTree = SOURCE_ROOT; };
		8F7DF08EF2FC41CF2B97B7B9 /* xmlsave.h */ = {isa = PBXFileReference; explicitFileType = sourcecode.c.h; fileEncoding = 30; name = xmlsave.h; path = ../../../addons/ofxSvg/libs/libxml2/include/libxml/xmlsave.h; sourceTree = SOURCE_ROOT; };
		9554769CA7302D13CEF02214 /* hash.h */ = {isa = PBXFileReference; explicitFileType = sourcecode.c.h; fileEncoding = 30; name = hash.h; path = ../../../addons/ofxSvg/libs/libxml2/include/libxml/hash.h; sourceTree = SOURCE_ROOT; };
		98FAC428A9E588867DBAA559 /* schemasInternals.h */ = {isa = PBXFileReference; explicitFileType = sourcecode.c.h; fileEncoding = 30; name = schemasInternals.h; path = ../../../addons/ofxSvg/libs/libxml2/include/libxml/schemasInternals.h; sourceTree = SOURCE_ROOT; };
		99EEF400A87A3E7EE3294C70 /* HTMLtree.h */ = {isa = PBXFileReference; explicitFileType = sourcecode.c.h; fileEncoding = 30; name = HTMLtree.h; path = ../../../addons/ofxSvg/libs/libxml2/include/libxml/HTMLtree.h; sourceTree = SOURCE_ROOT; };
		9C7EC60217C685F32C86FDCB /* schematron.h */ = {isa = PBXFileReference; explicitFileType = sourcecode.c.h; fileEncoding = 30; name = schematron.h; path = ../../../addons/ofxSvg/libs/libxml2/include/libxml/schematron.h; sourceTree = SOURCE_ROOT; };
		9EBAD1FE06DDC823799AFC5C /* xpointer.h */ = {isa = PBXFileReference; explicitFileType = sourcecode.c.h; fileEncoding = 30; name = xpointer.h; path = ../../../addons/ofxSvg/libs/libxml2/include/libxml/xpointer.h; sourceTree = SOURCE_ROOT; };
		A27F8429804314C60C80DB97 /* DOCBparser.h */ = {isa = PBXFileReference; explicitFileType = sourcecode.c.h; fileEncoding = 30; name = DOCBparser.h; path = ../../../addons/ofxSvg/libs/libxml2/include/libxml/DOCBparser.h; sourceTree = SOURCE_ROOT; };
		A4527E0B93D71A91DDB5F760 /* uri.h */ = {isa = PBXFileReference; explicitFileType = sourcecode.c.h; fileEncoding = 30; name = uri.h; path = ../../../addons/ofxSvg/libs/libxml2/include/libxml/uri.h; sourceTree = SOURCE_ROOT; };
		A6024883FE4A371F002A504D /* svgtiny.h */ = {isa = PBXFileReference; explicitFileType = sourcecode.c.h; fileEncoding = 30; name = svgtiny.h; path = ../../../addons/ofxSvg/libs/svgtiny/include/svgtiny.h; sourceTree = SOURCE_ROOT; };
		A6CC65086D4CC2C168250B25 /* debugXML.h */ = {isa = PBXFileReference; explicitFileType = sourcecode.c.h; fileEncoding = 30; name = debugXML.h; path = ../../../addons/ofxSvg/libs/libxml2/include/libxml/debugXML.h; sourceTree = SOURCE_ROOT; };
		A8CAFB18FEBD22AC537DAE01 /* parserInternals.h */ = {isa = PBXFileReference; explicitFileType = sourcecode.c.h; fileEncoding = 30; name = parserInternals.h; path = ../../../addons/ofxSvg/libs/libxml2/include/libxml/parserInternals.h; sourceTree = SOURCE_ROOT; };
		AAD21E96EB8906A7F371EC5E /* xmlstring.h */ = {isa = PBXFileReference; explicitFileType = sourcecode.c.h; fileEncoding = 30; name = xmlstring.h; path = ../../../addons/ofxSvg/libs/libxml2/include/libxml/xmlstring.h; sourceTree = SOURCE_ROOT; };
		AEB87A4DC6BA420DC0AC6D8A /* threads.h */ = {isa = PBXFileReference; explicitFileType = sourcecode.c.h; fileEncoding = 30; name = threads.h; path = ../../../addons/ofxSvg/libs/libxml2/include/libxml/threads.h; sourceTree = SOURCE_ROOT; };
		AFA630B75193CDD5F5BFCB78 /* xmlregexp.h */ = {isa = PBXFileReference; explicitFileType = sourcecode.c.h; fileEncoding = 30; name = xmlregexp.h; path = ../../../addons/ofxSvg/libs/libxml2/include/libxml/xmlregexp.h; sourceTree = SOURCE_ROOT; };
		B170FC7720BACCD0C41F4273 /* xmlunicode.h */ = {isa = PBXFileReference; explicitFileType = sourcecode.c.h; fileEncoding = 30; name = xmlunicode.h; path = ../../../addons/ofxSvg/libs/libxml2/include/libxml/xmlunicode.h; sourceTree = SOURCE_ROOT; };
		B2E11163DD8C864C48B85A54 /* parser.h */ = {isa = PBXFileReference; explicitFileType = sourcecode.c.h; fileEncoding = 30; name = parser.h; path = ../../../addons/ofxSvg/libs/libxml2/include/libxml/parser.h; sourceTree = SOURCE_ROOT; };
		B9E16009E1772C6D00B20013 /* ofxSvg.cpp */ = {isa = PBXFileReference; explicitFileType = sourcecode.cpp.cpp; fileEncoding = 30; name = ofxSvg.cpp; path = ../../../addons/ofxSvg/src/ofxSvg.cpp; sourceTree = SOURCE_ROOT; };
		C04B2B5BE9E9B76000BF9973 /* xlink.h */ = {isa = PBXFileReference; explicitFileType = sourcecode.c.h; fileEncoding = 30; name = xlink.h; path = ../../../addons/ofxSvg/libs/libxml2/include/libxml/xlink.h; sourceTree = SOURCE_ROOT; };
		C147A27C14266A52E6C0C46E /* half.hpp */ = {isa = PBXFileReference; explicitFileType = sourcecode.c.h; fileEncoding = 30; name = half.hpp; path = ../../../addons/ofxTextureRecorder/libs/half/include/half.hpp; sourceTree = SOURCE_ROOT; };
		C1B0D8173B8A8897C8104C07 /* SAX.h */ = {isa = PBXFileReference; explicitFileType = sourcecode.c.h; fileEncoding = 30; name = SAX.h; path = ../../../addons/ofxSvg/libs/libxml2/include/libxml/SAX.h; sourceTree = SOURCE_ROOT; };
		C61FC1419B9E7CF0348FADA9 /* list.h */ = {isa = PBXFileReference; explicitFileType = sourcecode.c.h; fileEncoding = 30; name = list.h; path = ../../../addons/ofxSvg/libs/libxml2/include/libxml/list.h; sourceTree = SOURCE_ROOT; };
		D0B478E9CB565276AC786DD0 /* entities.h */ = {isa = PBXFileReference; explicitFileType = sourcecode.c.h; fileEncoding = 30; name = entities.h; path = ../../../addons/ofxSvg/libs/libxml2/include/libxml/entities.h; sourceTree = SOURCE_ROOT; };
		D59A8A228B2542FEDE81C675 /* dict.h */ = {isa = PBXFileReference; explicitFileType = sourcecode.c.h; fileEncoding = 30; name = dict.h; path = ../../../addons/ofxSvg/libs/libxml2/include/libxml/dict.h; sourceTree = SOURCE_ROOT; };
		DD8A180EA5BA8431BE11CB13 /* xmlexports.h */ = {isa = PBXFileReference; explicitFileType = sourcecode.c.h; fileEncoding = 30; name = xmlexports.h; path = ../../../addons/ofxSvg/libs/libxml2/include/libxml/xmlexports.h; sourceTree = SOURCE_ROOT; };
		E4328143138ABC890047C5CB /* openFrameworksLib.xcodeproj */ = {isa = PBXFileReference; lastKnownFileType = "wrapper.pb-project"; name = openFrameworksLib.xcodeproj; path = ../../../libs/openFrameworksCompiled/project/osx/openFrameworksLib.xcodeproj; sourceTree = SOURCE_ROOT; };
		E4B69B5B0A3A1756003C02F2 /* test_polarDebug.app */ = {isa = PBXFileReference; explicitFileType = wrapper.application; includeInIndex = 0; name = test_polarDebug.app; path = RfRenderer_01Debug.app; sourceTree = BUILT_PRODUCTS_DIR; };
		E4B69E1E0A3A1BDC003C02F2 /* ofApp.cpp */ = {isa = PBXFileReference; explicitFileType = sourcecode.cpp.cpp; fileEncoding = 30; name = ofApp.cpp; path = src/ofApp.cpp; sourceTree = SOURCE_ROOT; };
		E4B69E1F0A3A1BDC003C02F2 /* ofApp.h */ = {isa = PBXFileReference; fileEncoding = 30; lastKnownFileType = sourcecode.c.h; name = ofApp.h; path = src/ofApp.h; sourceTree = SOURCE_ROOT; };
		E4B6FCAD0C3E899E008CF71C /* openFrameworks-Info.plist */ = {isa = PBXFileReference; fileEncoding = 30; lastKnownFileType = text.plist.xml; path = "openFrameworks-Info.plist"; sourceTree = "<group>"; };
		E4EB691F138AFCF100A09F29 /* CoreOF.xcconfig */ = {isa = PBXFileReference; fileEncoding = 4; lastKnownFileType = text.xcconfig; name = CoreOF.xcconfig; path = ../../../libs/openFrameworksCompiled/project/osx/CoreOF.xcconfig; sourceTree = SOURCE_ROOT; };
		E4EB6923138AFD0F00A09F29 /* Project.xcconfig */ = {isa = PBXFileReference; fileEncoding = 4; lastKnownFileType = text.xcconfig; path = Project.xcconfig; sourceTree = "<group>"; };
		E91F55DEDD14B7F4BACED9B4 /* ofxSvg.h */ = {isa = PBXFileReference; explicitFileType = sourcecode.c.h; fileEncoding = 30; name = ofxSvg.h; path = ../../../addons/ofxSvg/src/ofxSvg.h; sourceTree = SOURCE_ROOT; };
		F53219F807A63E795AB2C70C /* xpathInternals.h */ = {isa = PBXFileReference; explicitFileType = sourcecode.c.h; fileEncoding = 30; name = xpathInternals.h; path = ../../../addons/ofxSvg/libs/libxml2/include/libxml/xpathInternals.h; sourceTree = SOURCE_ROOT; };
		F76932CB1153DCBAC4B79F76 /* valid.h */ = {isa = PBXFileReference; explicitFileType = sourcecode.c.h; fileEncoding = 30; name = valid.h; path = ../../../addons/ofxSvg/libs/libxml2/include/libxml/valid.h; sourceTree = SOURCE_ROOT; };
		F9FBB3B7BDEC170F954A8F65 /* xmlerror.h */ = {isa = PBXFileReference; explicitFileType = sourcecode.c.h; fileEncoding = 30; name = xmlerror.h; path = ../../../addons/ofxSvg/libs/libxml2/include/libxml/xmlerror.h; sourceTree = SOURCE_ROOT; };
		FA446BFD54D392C20F1BA70B /* globals.h */ = {isa = PBXFileReference; explicitFileType = sourcecode.c.h; fileEncoding = 30; name = globals.h; path = ../../../addons/ofxSvg/libs/libxml2/include/libxml/globals.h; sourceTree = SOURCE_ROOT; };
		FF2B018E24837032A4878576 /* ofxEasing.h */ = {isa = PBXFileReference; explicitFileType = sourcecode.c.h; fileEncoding = 30; name = ofxEasing.h; path = ../../../addons/ofxEasing/src/ofxEasing.h; sourceTree = SOURCE_ROOT; };
/* End PBXFileReference section */

/* Begin PBXFrameworksBuildPhase section */
		E4B69B590A3A1756003C02F2 /* Frameworks */ = {
			isa = PBXFrameworksBuildPhase;
			buildActionMask = 2147483647;
			files = (
				452D58F41EF9C8150056F3E7 /* assimp.a in Frameworks */,
				E4328149138ABC9F0047C5CB /* openFrameworksDebug.a in Frameworks */,
			);
			runOnlyForDeploymentPostprocessing = 0;
		};
/* End PBXFrameworksBuildPhase section */

/* Begin PBXGroup section */
		00882DA852296D0DE4121AAB /* src */ = {
			isa = PBXGroup;
			children = (
				34337B05439122D787E45362 /* ofxTextureRecorder.cpp */,
				6B44FCEE9BB8CEB2D2429F5D /* ofxTextureRecorder.h */,
			);
			name = src;
			sourceTree = "<group>";
		};
		017A3B1CA7978FBE5D0B416B /* half */ = {
			isa = PBXGroup;
			children = (
				2F5A5E146EDDF4563895D0E4 /* include */,
			);
			name = half;
			sourceTree = "<group>";
		};
		0D0595A62FF5ED8D37029107 /* ofxEasing */ = {
			isa = PBXGroup;
			children = (
				E78F8991E56DEF594815BB53 /* src */,
			);
			name = ofxEasing;
			sourceTree = "<group>";
		};
		0EE72FB70C816E7EDB6AF762 /* ofxTextureRecorder */ = {
			isa = PBXGroup;
			children = (
				00882DA852296D0DE4121AAB /* src */,
				188BBAA1501F99B9C0744EB1 /* libs */,
			);
			name = ofxTextureRecorder;
			sourceTree = "<group>";
		};
		188BBAA1501F99B9C0744EB1 /* libs */ = {
			isa = PBXGroup;
			children = (
				017A3B1CA7978FBE5D0B416B /* half */,
			);
			name = libs;
			sourceTree = "<group>";
		};
		2F5A5E146EDDF4563895D0E4 /* include */ = {
			isa = PBXGroup;
			children = (
				C147A27C14266A52E6C0C46E /* half.hpp */,
			);
			name = include;
			sourceTree = "<group>";
		};
		34383B8C0C105728B792B600 /* libxml */ = {
			isa = PBXGroup;
			children = (
				22971C55A80288DE7E9FFAF8 /* c14n.h */,
				877612E1E8AB8BFAE6413F02 /* catalog.h */,
				2D13799635BB152B8F1A4E9A /* chvalid.h */,
				A6CC65086D4CC2C168250B25 /* debugXML.h */,
				D59A8A228B2542FEDE81C675 /* dict.h */,
				A27F8429804314C60C80DB97 /* DOCBparser.h */,
				281AEACBABA9F6873CA63383 /* encoding.h */,
				D0B478E9CB565276AC786DD0 /* entities.h */,
				FA446BFD54D392C20F1BA70B /* globals.h */,
				9554769CA7302D13CEF02214 /* hash.h */,
				56850FE6F91EC6754F6C8B33 /* HTMLparser.h */,
				99EEF400A87A3E7EE3294C70 /* HTMLtree.h */,
				C61FC1419B9E7CF0348FADA9 /* list.h */,
				8D625C15518F63F78CC8C460 /* nanoftp.h */,
				6C7327601642F7AF5EAC3E93 /* nanohttp.h */,
				B2E11163DD8C864C48B85A54 /* parser.h */,
				A8CAFB18FEBD22AC537DAE01 /* parserInternals.h */,
				3DE7DC883ECEEEE46BC84579 /* pattern.h */,
				66B0240E8FAA94E3CBDD22E6 /* relaxng.h */,
				C1B0D8173B8A8897C8104C07 /* SAX.h */,
				144DBB9FE6149744D484ECBA /* SAX2.h */,
				98FAC428A9E588867DBAA559 /* schemasInternals.h */,
				9C7EC60217C685F32C86FDCB /* schematron.h */,
				AEB87A4DC6BA420DC0AC6D8A /* threads.h */,
				739E147D20FE8ADE03EDF261 /* tree.h */,
				A4527E0B93D71A91DDB5F760 /* uri.h */,
				F76932CB1153DCBAC4B79F76 /* valid.h */,
				0CDD7CD276D93C5D2EACF32D /* xinclude.h */,
				C04B2B5BE9E9B76000BF9973 /* xlink.h */,
				760687A5827CC4CC7269A329 /* xmlautomata.h */,
				F9FBB3B7BDEC170F954A8F65 /* xmlerror.h */,
				DD8A180EA5BA8431BE11CB13 /* xmlexports.h */,
				375C1EB5EB0C6DB428BD21C4 /* xmlIO.h */,
				74DFE545A3C59F0B7BB75497 /* xmlmemory.h */,
				5AC81D37E977C3921A197DFA /* xmlmodule.h */,
				744D7095DB2729C899F51683 /* xmlreader.h */,
				AFA630B75193CDD5F5BFCB78 /* xmlregexp.h */,
				8F7DF08EF2FC41CF2B97B7B9 /* xmlsave.h */,
				7B8FF9804D9375B3CD7B3367 /* xmlschemas.h */,
				041694F7615BCBA3BBAF00F2 /* xmlschemastypes.h */,
				AAD21E96EB8906A7F371EC5E /* xmlstring.h */,
				B170FC7720BACCD0C41F4273 /* xmlunicode.h */,
				052ADD5D6B20B188FB77163A /* xmlversion.h */,
				78A718EFC090F3F340448CD4 /* xmlwriter.h */,
				01C0AE67B65E3D57BCC6FA25 /* xpath.h */,
				F53219F807A63E795AB2C70C /* xpathInternals.h */,
				9EBAD1FE06DDC823799AFC5C /* xpointer.h */,
			);
			name = libxml;
			sourceTree = "<group>";
		};
		3CDF9D0374E9C849F9AD4C6A /* include */ = {
			isa = PBXGroup;
			children = (
				34383B8C0C105728B792B600 /* libxml */,
			);
			name = include;
			sourceTree = "<group>";
		};
		452D58B31EF9C8150056F3E7 /* ofxAssimpModelLoader */ = {
			isa = PBXGroup;
			children = (
				452D58B41EF9C8150056F3E7 /* addon_config.mk */,
				452D58B51EF9C8150056F3E7 /* libs */,
				452D58EA1EF9C8150056F3E7 /* src */,
			);
			name = ofxAssimpModelLoader;
			path = ../../../addons/ofxAssimpModelLoader;
			sourceTree = "<group>";
		};
		452D58B51EF9C8150056F3E7 /* libs */ = {
			isa = PBXGroup;
			children = (
				452D58B61EF9C8150056F3E7 /* assimp */,
			);
			path = libs;
			sourceTree = "<group>";
		};
		452D58B61EF9C8150056F3E7 /* assimp */ = {
			isa = PBXGroup;
			children = (
				452D58B71EF9C8150056F3E7 /* include */,
				452D58E51EF9C8150056F3E7 /* lib */,
			);
			path = assimp;
			sourceTree = "<group>";
		};
		452D58B71EF9C8150056F3E7 /* include */ = {
			isa = PBXGroup;
			children = (
				452D58B81EF9C8150056F3E7 /* assimp */,
			);
			path = include;
			sourceTree = "<group>";
		};
		452D58B81EF9C8150056F3E7 /* assimp */ = {
			isa = PBXGroup;
			children = (
				452D58B91EF9C8150056F3E7 /* ai_assert.h */,
				452D58BA1EF9C8150056F3E7 /* anim.h */,
				452D58BB1EF9C8150056F3E7 /* camera.h */,
				452D58BC1EF9C8150056F3E7 /* cexport.h */,
				452D58BD1EF9C8150056F3E7 /* cfileio.h */,
				452D58BE1EF9C8150056F3E7 /* cimport.h */,
				452D58BF1EF9C8150056F3E7 /* color4.h */,
				452D58C01EF9C8150056F3E7 /* color4.inl */,
				452D58C11EF9C8150056F3E7 /* Compiler */,
				452D58C51EF9C8150056F3E7 /* config.h */,
				452D58C61EF9C8150056F3E7 /* DefaultLogger.hpp */,
				452D58C71EF9C8150056F3E7 /* defs.h */,
				452D58C81EF9C8150056F3E7 /* Exporter.hpp */,
				452D58C91EF9C8150056F3E7 /* Importer.hpp */,
				452D58CA1EF9C8150056F3E7 /* importerdesc.h */,
				452D58CB1EF9C8150056F3E7 /* IOStream.hpp */,
				452D58CC1EF9C8150056F3E7 /* IOSystem.hpp */,
				452D58CD1EF9C8150056F3E7 /* light.h */,
				452D58CE1EF9C8150056F3E7 /* Logger.hpp */,
				452D58CF1EF9C8150056F3E7 /* LogStream.hpp */,
				452D58D01EF9C8150056F3E7 /* material.h */,
				452D58D11EF9C8150056F3E7 /* material.inl */,
				452D58D21EF9C8150056F3E7 /* matrix3x3.h */,
				452D58D31EF9C8150056F3E7 /* matrix3x3.inl */,
				452D58D41EF9C8150056F3E7 /* matrix4x4.h */,
				452D58D51EF9C8150056F3E7 /* matrix4x4.inl */,
				452D58D61EF9C8150056F3E7 /* mesh.h */,
				452D58D71EF9C8150056F3E7 /* metadata.h */,
				452D58D81EF9C8150056F3E7 /* NullLogger.hpp */,
				452D58D91EF9C8150056F3E7 /* postprocess.h */,
				452D58DA1EF9C8150056F3E7 /* ProgressHandler.hpp */,
				452D58DB1EF9C8150056F3E7 /* quaternion.h */,
				452D58DC1EF9C8150056F3E7 /* quaternion.inl */,
				452D58DD1EF9C8150056F3E7 /* scene.h */,
				452D58DE1EF9C8150056F3E7 /* texture.h */,
				452D58DF1EF9C8150056F3E7 /* types.h */,
				452D58E01EF9C8150056F3E7 /* vector2.h */,
				452D58E11EF9C8150056F3E7 /* vector2.inl */,
				452D58E21EF9C8150056F3E7 /* vector3.h */,
				452D58E31EF9C8150056F3E7 /* vector3.inl */,
				452D58E41EF9C8150056F3E7 /* version.h */,
			);
			path = assimp;
			sourceTree = "<group>";
		};
		452D58C11EF9C8150056F3E7 /* Compiler */ = {
			isa = PBXGroup;
			children = (
				452D58C21EF9C8150056F3E7 /* poppack1.h */,
				452D58C31EF9C8150056F3E7 /* pstdint.h */,
				452D58C41EF9C8150056F3E7 /* pushpack1.h */,
			);
			path = Compiler;
			sourceTree = "<group>";
		};
		452D58E51EF9C8150056F3E7 /* lib */ = {
			isa = PBXGroup;
			children = (
				452D58E61EF9C8150056F3E7 /* osx */,
			);
			path = lib;
			sourceTree = "<group>";
		};
		452D58E61EF9C8150056F3E7 /* osx */ = {
			isa = PBXGroup;
			children = (
				452D58E71EF9C8150056F3E7 /* assimp.a */,
			);
			path = osx;
			sourceTree = "<group>";
		};
		452D58EA1EF9C8150056F3E7 /* src */ = {
			isa = PBXGroup;
			children = (
				452D58EB1EF9C8150056F3E7 /* ofxAssimpAnimation.cpp */,
				452D58EC1EF9C8150056F3E7 /* ofxAssimpAnimation.h */,
				452D58ED1EF9C8150056F3E7 /* ofxAssimpMeshHelper.cpp */,
				452D58EE1EF9C8150056F3E7 /* ofxAssimpMeshHelper.h */,
				452D58EF1EF9C8150056F3E7 /* ofxAssimpModelLoader.cpp */,
				452D58F01EF9C8150056F3E7 /* ofxAssimpModelLoader.h */,
				452D58F11EF9C8150056F3E7 /* ofxAssimpTexture.cpp */,
				452D58F21EF9C8150056F3E7 /* ofxAssimpTexture.h */,
				452D58F31EF9C8150056F3E7 /* ofxAssimpUtils.h */,
			);
			path = src;
			sourceTree = "<group>";
		};
		454408C71EF83B3000BCF9EE /* common */ = {
			isa = PBXGroup;
			children = (
				459B1DED1EF97B74003A3E3F /* Renderable.h */,
				459B1DC41EF95FE8003A3E3F /* TexView.h */,
				459B1DC31EF95FE8003A3E3F /* TexView.cpp */,
				459B1DEA1EF9794F003A3E3F /* DomeView.h */,
				459B1DE91EF9794F003A3E3F /* DomeView.cpp */,
				459B1DEC1EF97B74003A3E3F /* Renderable.cpp */,
				454408C81EF83B3000BCF9EE /* AnimationParts.h */,
				454408CB1EF83B3000BCF9EE /* EasingPrm.h */,
				454408CC1EF83B3000BCF9EE /* FontManager.cpp */,
				454408CD1EF83B3000BCF9EE /* FontManager.h */,
				454408CE1EF83B3000BCF9EE /* Graph.cpp */,
				454408CF1EF83B3000BCF9EE /* Graph.h */,
				454408D01EF83B3000BCF9EE /* RfExporterBin.h */,
				454408D11EF83B3000BCF9EE /* RfImporterBin.h */,
				454408D21EF83B3000BCF9EE /* RfImporterRpc.h */,
				454408D31EF83B3000BCF9EE /* ScreenDef.h */,
				454408D41EF83B3000BCF9EE /* Util.cpp */,
				454408D51EF83B3000BCF9EE /* Util.h */,
			);
			name = common;
			path = ../../common;
			sourceTree = "<group>";
		};
		459B1DC71EF96296003A3E3F /* ofxGui */ = {
			isa = PBXGroup;
			children = (
				459B1DC81EF96296003A3E3F /* src */,
			);
			name = ofxGui;
			path = ../../../addons/ofxGui;
			sourceTree = "<group>";
		};
		459B1DC81EF96296003A3E3F /* src */ = {
			isa = PBXGroup;
			children = (
				459B1DC91EF96296003A3E3F /* ofxBaseGui.cpp */,
				459B1DCA1EF96296003A3E3F /* ofxBaseGui.h */,
				459B1DCB1EF96296003A3E3F /* ofxButton.cpp */,
				459B1DCC1EF96296003A3E3F /* ofxButton.h */,
				459B1DCD1EF96296003A3E3F /* ofxColorPicker.cpp */,
				459B1DCE1EF96296003A3E3F /* ofxColorPicker.h */,
				459B1DCF1EF96296003A3E3F /* ofxGui.h */,
				459B1DD01EF96296003A3E3F /* ofxGuiGroup.cpp */,
				459B1DD11EF96296003A3E3F /* ofxGuiGroup.h */,
				459B1DD21EF96296003A3E3F /* ofxInputField.cpp */,
				459B1DD31EF96296003A3E3F /* ofxInputField.h */,
				459B1DD41EF96296003A3E3F /* ofxLabel.cpp */,
				459B1DD51EF96296003A3E3F /* ofxLabel.h */,
				459B1DD61EF96296003A3E3F /* ofxPanel.cpp */,
				459B1DD71EF96296003A3E3F /* ofxPanel.h */,
				459B1DD81EF96296003A3E3F /* ofxSlider.cpp */,
				459B1DD91EF96296003A3E3F /* ofxSlider.h */,
				459B1DDA1EF96296003A3E3F /* ofxSliderGroup.cpp */,
				459B1DDB1EF96296003A3E3F /* ofxSliderGroup.h */,
				459B1DDC1EF96296003A3E3F /* ofxToggle.cpp */,
				459B1DDD1EF96296003A3E3F /* ofxToggle.h */,
			);
			path = src;
			sourceTree = "<group>";
		};
		56C3EF4F8B6741F408B86361 /* svgtiny */ = {
			isa = PBXGroup;
			children = (
				CBB0EC04A879D9C8DBD295B8 /* include */,
			);
			name = svgtiny;
			sourceTree = "<group>";
		};
		6948EE371B920CB800B5AC1A /* local_addons */ = {
			isa = PBXGroup;
			children = (
			);
			name = local_addons;
			sourceTree = "<group>";
		};
		92CAB14CB3CE8DFA86242673 /* libxml2 */ = {
			isa = PBXGroup;
			children = (
				3CDF9D0374E9C849F9AD4C6A /* include */,
			);
			name = libxml2;
			sourceTree = "<group>";
		};
		BB4B014C10F69532006C3DED /* addons */ = {
			isa = PBXGroup;
			children = (
				452D58B31EF9C8150056F3E7 /* ofxAssimpModelLoader */,
				459B1DC71EF96296003A3E3F /* ofxGui */,
				0D0595A62FF5ED8D37029107 /* ofxEasing */,
				0EE72FB70C816E7EDB6AF762 /* ofxTextureRecorder */,
				F5F1F1EF8441E64FD46F07C8 /* ofxSvg */,
			);
			name = addons;
			sourceTree = "<group>";
		};
		BF0BF2682B4F1C8B2D7A515B /* libs */ = {
			isa = PBXGroup;
			children = (
				92CAB14CB3CE8DFA86242673 /* libxml2 */,
				56C3EF4F8B6741F408B86361 /* svgtiny */,
			);
			name = libs;
			sourceTree = "<group>";
		};
		CBB0EC04A879D9C8DBD295B8 /* include */ = {
			isa = PBXGroup;
			children = (
				A6024883FE4A371F002A504D /* svgtiny.h */,
			);
			name = include;
			sourceTree = "<group>";
		};
		DBB3EF673AE7E843FD50910D /* src */ = {
			isa = PBXGroup;
			children = (
				B9E16009E1772C6D00B20013 /* ofxSvg.cpp */,
				E91F55DEDD14B7F4BACED9B4 /* ofxSvg.h */,
			);
			name = src;
			sourceTree = "<group>";
		};
		E4328144138ABC890047C5CB /* Products */ = {
			isa = PBXGroup;
			children = (
				E4328148138ABC890047C5CB /* openFrameworksDebug.a */,
			);
			name = Products;
			sourceTree = "<group>";
		};
		E4B69B4A0A3A1720003C02F2 = {
			isa = PBXGroup;
			children = (
				E4B6FCAD0C3E899E008CF71C /* openFrameworks-Info.plist */,
				E4EB6923138AFD0F00A09F29 /* Project.xcconfig */,
				E4B69E1C0A3A1BDC003C02F2 /* src */,
				E4EEC9E9138DF44700A80321 /* openFrameworks */,
				BB4B014C10F69532006C3DED /* addons */,
				6948EE371B920CB800B5AC1A /* local_addons */,
				E4B69B5B0A3A1756003C02F2 /* test_polarDebug.app */,
			);
			sourceTree = "<group>";
		};
		E4B69E1C0A3A1BDC003C02F2 /* src */ = {
			isa = PBXGroup;
			children = (
				454408C71EF83B3000BCF9EE /* common */,
				E4B69E1E0A3A1BDC003C02F2 /* ofApp.cpp */,
				E4B69E1F0A3A1BDC003C02F2 /* ofApp.h */,
			);
			path = src;
			sourceTree = SOURCE_ROOT;
		};
		E4EEC9E9138DF44700A80321 /* openFrameworks */ = {
			isa = PBXGroup;
			children = (
				E4EB691F138AFCF100A09F29 /* CoreOF.xcconfig */,
				E4328143138ABC890047C5CB /* openFrameworksLib.xcodeproj */,
			);
			name = openFrameworks;
			sourceTree = "<group>";
		};
		E78F8991E56DEF594815BB53 /* src */ = {
			isa = PBXGroup;
			children = (
				FF2B018E24837032A4878576 /* ofxEasing.h */,
			);
			name = src;
			sourceTree = "<group>";
		};
		F5F1F1EF8441E64FD46F07C8 /* ofxSvg */ = {
			isa = PBXGroup;
			children = (
				DBB3EF673AE7E843FD50910D /* src */,
				BF0BF2682B4F1C8B2D7A515B /* libs */,
			);
			name = ofxSvg;
			sourceTree = "<group>";
		};
/* End PBXGroup section */

/* Begin PBXNativeTarget section */
		E4B69B5A0A3A1756003C02F2 /* RfRenderer_01 */ = {
			isa = PBXNativeTarget;
			buildConfigurationList = E4B69B5F0A3A1757003C02F2 /* Build configuration list for PBXNativeTarget "RfRenderer_01" */;
			buildPhases = (
				E4B69B580A3A1756003C02F2 /* Sources */,
				E4B69B590A3A1756003C02F2 /* Frameworks */,
				E4B6FFFD0C3F9AB9008CF71C /* ShellScript */,
				E4C2427710CC5ABF004149E2 /* CopyFiles */,
				8466F1851C04CA0E00918B1C /* ShellScript */,
			);
			buildRules = (
			);
			dependencies = (
				E4EEB9AC138B136A00A80321 /* PBXTargetDependency */,
			);
			name = RfRenderer_01;
			productName = myOFApp;
			productReference = E4B69B5B0A3A1756003C02F2 /* test_polarDebug.app */;
			productType = "com.apple.product-type.application";
		};
/* End PBXNativeTarget section */

/* Begin PBXProject section */
		E4B69B4C0A3A1720003C02F2 /* Project object */ = {
			isa = PBXProject;
			attributes = {
				LastUpgradeCheck = 0600;
			};
			buildConfigurationList = E4B69B4D0A3A1720003C02F2 /* Build configuration list for PBXProject "RfRenderer_01" */;
			compatibilityVersion = "Xcode 3.2";
			developmentRegion = English;
			hasScannedForEncodings = 0;
			knownRegions = (
				English,
				Japanese,
				French,
				German,
			);
			mainGroup = E4B69B4A0A3A1720003C02F2;
			productRefGroup = E4B69B4A0A3A1720003C02F2;
			projectDirPath = "";
			projectReferences = (
				{
					ProductGroup = E4328144138ABC890047C5CB /* Products */;
					ProjectRef = E4328143138ABC890047C5CB /* openFrameworksLib.xcodeproj */;
				},
			);
			projectRoot = "";
			targets = (
				E4B69B5A0A3A1756003C02F2 /* RfRenderer_01 */,
			);
		};
/* End PBXProject section */

/* Begin PBXReferenceProxy section */
		E4328148138ABC890047C5CB /* openFrameworksDebug.a */ = {
			isa = PBXReferenceProxy;
			fileType = archive.ar;
			path = openFrameworksDebug.a;
			remoteRef = E4328147138ABC890047C5CB /* PBXContainerItemProxy */;
			sourceTree = BUILT_PRODUCTS_DIR;
		};
/* End PBXReferenceProxy section */

/* Begin PBXShellScriptBuildPhase section */
		8466F1851C04CA0E00918B1C /* ShellScript */ = {
			isa = PBXShellScriptBuildPhase;
			buildActionMask = 12;
			files = (
			);
			inputPaths = (
			);
			outputPaths = (
			);
			runOnlyForDeploymentPostprocessing = 0;
			shellPath = /bin/sh;
			shellScript = "echo \"$GCC_PREPROCESSOR_DEFINITIONS\";\nAPPSTORE=`expr \"$GCC_PREPROCESSOR_DEFINITIONS\" : \".*APPSTORE=\\([0-9]*\\)\"`\nif [ -z \"$APPSTORE\" ] ; then\necho \"Note: Not copying bin/data to App Package or doing App Code signing. Use AppStore target for AppStore distribution\";\nelse\n# Copy bin/data into App/Resources\nrsync -avz --exclude='.DS_Store' \"${SRCROOT}/bin/data/\" \"${TARGET_BUILD_DIR}/${UNLOCALIZED_RESOURCES_FOLDER_PATH}/data/\"\n\n# ---- Code Sign App Package ----\n\n# WARNING: You may have to run Clean in Xcode after changing CODE_SIGN_IDENTITY!\n\n# Verify that $CODE_SIGN_IDENTITY is set\nif [ -z \"${CODE_SIGN_IDENTITY}\" ] ; then\necho \"CODE_SIGN_IDENTITY needs to be set for framework code-signing\"\nexit 0\nfi\n\nif [ -z \"${CODE_SIGN_ENTITLEMENTS}\" ] ; then\necho \"CODE_SIGN_ENTITLEMENTS needs to be set for framework code-signing!\"\n\nif [ \"${CONFIGURATION}\" = \"Release\" ] ; then\nexit 1\nelse\n# Code-signing is optional for non-release builds.\nexit 0\nfi\nfi\n\nITEMS=\"\"\n\nFRAMEWORKS_DIR=\"${TARGET_BUILD_DIR}/${FRAMEWORKS_FOLDER_PATH}\"\necho \"$FRAMEWORKS_DIR\"\nif [ -d \"$FRAMEWORKS_DIR\" ] ; then\nFRAMEWORKS=$(find \"${FRAMEWORKS_DIR}\" -depth -type d -name \"*.framework\" -or -name \"*.dylib\" -or -name \"*.bundle\" | sed -e \"s/\\(.*framework\\)/\\1\\/Versions\\/A\\//\")\nRESULT=$?\nif [[ $RESULT != 0 ]] ; then\nexit 1\nfi\n\nITEMS=\"${FRAMEWORKS}\"\nfi\n\nLOGINITEMS_DIR=\"${TARGET_BUILD_DIR}/${CONTENTS_FOLDER_PATH}/Library/LoginItems/\"\nif [ -d \"$LOGINITEMS_DIR\" ] ; then\nLOGINITEMS=$(find \"${LOGINITEMS_DIR}\" -depth -type d -name \"*.app\")\nRESULT=$?\nif [[ $RESULT != 0 ]] ; then\nexit 1\nfi\n\nITEMS=\"${ITEMS}\"$'\\n'\"${LOGINITEMS}\"\nfi\n\n# Prefer the expanded name, if available.\nCODE_SIGN_IDENTITY_FOR_ITEMS=\"${EXPANDED_CODE_SIGN_IDENTITY_NAME}\"\nif [ \"${CODE_SIGN_IDENTITY_FOR_ITEMS}\" = \"\" ] ; then\n# Fall back to old behavior.\nCODE_SIGN_IDENTITY_FOR_ITEMS=\"${CODE_SIGN_IDENTITY}\"\nfi\n\necho \"Identity:\"\necho \"${CODE_SIGN_IDENTITY_FOR_ITEMS}\"\n\necho \"Entitlements:\"\necho \"${CODE_SIGN_ENTITLEMENTS}\"\n\necho \"Found:\"\necho \"${ITEMS}\"\n\n# Change the Internal Field Separator (IFS) so that spaces in paths will not cause problems below.\nSAVED_IFS=$IFS\nIFS=$(echo -en \"\\n\\b\")\n\n# Loop through all items.\nfor ITEM in $ITEMS;\ndo\necho \"Signing '${ITEM}'\"\ncodesign --force --verbose --sign \"${CODE_SIGN_IDENTITY_FOR_ITEMS}\" --entitlements \"${CODE_SIGN_ENTITLEMENTS}\" \"${ITEM}\"\nRESULT=$?\nif [[ $RESULT != 0 ]] ; then\necho \"Failed to sign '${ITEM}'.\"\nIFS=$SAVED_IFS\nexit 1\nfi\ndone\n\n# Restore $IFS.\nIFS=$SAVED_IFS\n\nfi\n";
		};
		E4B6FFFD0C3F9AB9008CF71C /* ShellScript */ = {
			isa = PBXShellScriptBuildPhase;
			buildActionMask = 2147483647;
			files = (
			);
			inputPaths = (
			);
			outputPaths = (
			);
			runOnlyForDeploymentPostprocessing = 0;
			shellPath = /bin/sh;
			shellScript = "mkdir -p \"$TARGET_BUILD_DIR/$PRODUCT_NAME.app/Contents/Resources/\"\n# Copy default icon file into App/Resources\nrsync -aved \"$ICON_FILE\" \"$TARGET_BUILD_DIR/$PRODUCT_NAME.app/Contents/Resources/\"\n# Copy libfmod and change install directory for fmod to run\nrsync -aved \"$OF_PATH/libs/fmodex/lib/osx/libfmodex.dylib\" \"$TARGET_BUILD_DIR/$PRODUCT_NAME.app/Contents/Frameworks/\";\ninstall_name_tool -change @executable_path/libfmodex.dylib @executable_path/../Frameworks/libfmodex.dylib \"$TARGET_BUILD_DIR/$PRODUCT_NAME.app/Contents/MacOS/$PRODUCT_NAME\";\n\necho \"$GCC_PREPROCESSOR_DEFINITIONS\";\n";
		};
/* End PBXShellScriptBuildPhase section */

/* Begin PBXSourcesBuildPhase section */
		E4B69B580A3A1756003C02F2 /* Sources */ = {
			isa = PBXSourcesBuildPhase;
			buildActionMask = 2147483647;
			files = (
				459B1DE61EF96296003A3E3F /* ofxSliderGroup.cpp in Sources */,
				459B1DC51EF95FE8003A3E3F /* TexView.cpp in Sources */,
				459B1DE31EF96296003A3E3F /* ofxLabel.cpp in Sources */,
				459B1DE01EF96296003A3E3F /* ofxColorPicker.cpp in Sources */,
				454408D81EF83B3000BCF9EE /* Graph.cpp in Sources */,
				459B1DE41EF96296003A3E3F /* ofxPanel.cpp in Sources */,
				454408D71EF83B3000BCF9EE /* FontManager.cpp in Sources */,
				459B1DEE1EF97B74003A3E3F /* Renderable.cpp in Sources */,
				E4B69E210A3A1BDC003C02F2 /* ofApp.cpp in Sources */,
				452D58F71EF9C8150056F3E7 /* ofxAssimpModelLoader.cpp in Sources */,
				452D58F81EF9C8150056F3E7 /* ofxAssimpTexture.cpp in Sources */,
				452D58F51EF9C8150056F3E7 /* ofxAssimpAnimation.cpp in Sources */,
				459B1DE51EF96296003A3E3F /* ofxSlider.cpp in Sources */,
				459B1DEB1EF9794F003A3E3F /* DomeView.cpp in Sources */,
				459B1DDE1EF96296003A3E3F /* ofxBaseGui.cpp in Sources */,
				630D46DEBC2B6DC21603F304 /* ofxTextureRecorder.cpp in Sources */,
				459B1DE21EF96296003A3E3F /* ofxInputField.cpp in Sources */,
				459B1DE11EF96296003A3E3F /* ofxGuiGroup.cpp in Sources */,
				459B1DE71EF96296003A3E3F /* ofxToggle.cpp in Sources */,
				B88A57B4B0BA6191EF3571E9 /* ofxSvg.cpp in Sources */,
				459B1DDF1EF96296003A3E3F /* ofxButton.cpp in Sources */,
				452D58F61EF9C8150056F3E7 /* ofxAssimpMeshHelper.cpp in Sources */,
				454408D91EF83B3000BCF9EE /* Util.cpp in Sources */,
			);
			runOnlyForDeploymentPostprocessing = 0;
		};
/* End PBXSourcesBuildPhase section */

/* Begin PBXTargetDependency section */
		E4EEB9AC138B136A00A80321 /* PBXTargetDependency */ = {
			isa = PBXTargetDependency;
			name = openFrameworks;
			targetProxy = E4EEB9AB138B136A00A80321 /* PBXContainerItemProxy */;
		};
/* End PBXTargetDependency section */

/* Begin XCBuildConfiguration section */
		99FA3DBB1C7456C400CFA0EE /* AppStore */ = {
			isa = XCBuildConfiguration;
			baseConfigurationReference = E4EB6923138AFD0F00A09F29 /* Project.xcconfig */;
			buildSettings = {
				CONFIGURATION_BUILD_DIR = "$(SRCROOT)/bin/";
				COPY_PHASE_STRIP = YES;
				DEAD_CODE_STRIPPING = YES;
				GCC_AUTO_VECTORIZATION = YES;
				GCC_ENABLE_SSE3_EXTENSIONS = YES;
				GCC_ENABLE_SUPPLEMENTAL_SSE3_INSTRUCTIONS = YES;
				GCC_INLINES_ARE_PRIVATE_EXTERN = NO;
				GCC_OPTIMIZATION_LEVEL = 3;
				"GCC_PREPROCESSOR_DEFINITIONS[arch=*]" = "DISTRIBUTION=1";
				GCC_SYMBOLS_PRIVATE_EXTERN = NO;
				GCC_UNROLL_LOOPS = YES;
				GCC_WARN_ABOUT_DEPRECATED_FUNCTIONS = YES;
				GCC_WARN_ABOUT_INVALID_OFFSETOF_MACRO = NO;
				GCC_WARN_ALLOW_INCOMPLETE_PROTOCOL = NO;
				GCC_WARN_UNINITIALIZED_AUTOS = NO;
				GCC_WARN_UNUSED_VALUE = NO;
				GCC_WARN_UNUSED_VARIABLE = NO;
				HEADER_SEARCH_PATHS = (
					"$(OF_CORE_HEADERS)",
					src,
					../../../addons/ofxEasing/src,
					../../../addons/ofxTextureRecorder/libs,
					../../../addons/ofxTextureRecorder/libs/half,
					../../../addons/ofxTextureRecorder/libs/half/include,
					../../../addons/ofxTextureRecorder/src,
					../../../addons/ofxSvg/libs,
					../../../addons/ofxSvg/libs/libxml2,
					../../../addons/ofxSvg/libs/libxml2/include,
					../../../addons/ofxSvg/libs/libxml2/include/libxml,
					../../../addons/ofxSvg/libs/libxml2/lib,
					../../../addons/ofxSvg/libs/libxml2/lib/osx,
					../../../addons/ofxSvg/libs/libxml2/license,
					../../../addons/ofxSvg/libs/svgtiny,
					../../../addons/ofxSvg/libs/svgtiny/include,
					../../../addons/ofxSvg/libs/svgtiny/lib,
					../../../addons/ofxSvg/libs/svgtiny/lib/osx,
					../../../addons/ofxSvg/libs/svgtiny/license,
					../../../addons/ofxSvg/src,
				);
				MACOSX_DEPLOYMENT_TARGET = 10.9;
				OTHER_CPLUSPLUSFLAGS = (
					"-D__MACOSX_CORE__",
					"-mtune=native",
				);
				OTHER_LDFLAGS = (
					"$(OF_CORE_FRAMEWORKS)",
					"$(OF_CORE_LIBS)",
					../../../addons/ofxSvg/libs/libxml2/lib/osx/xml2.a,
					../../../addons/ofxSvg/libs/svgtiny/lib/osx/svgtiny.a,
				);
				SDKROOT = macosx;
			};
			name = AppStore;
		};
		99FA3DBC1C7456C400CFA0EE /* AppStore */ = {
			isa = XCBuildConfiguration;
			baseConfigurationReference = E4EB6923138AFD0F00A09F29 /* Project.xcconfig */;
			buildSettings = {
				COMBINE_HIDPI_IMAGES = YES;
				COPY_PHASE_STRIP = YES;
				FRAMEWORK_SEARCH_PATHS = "$(inherited)";
				GCC_GENERATE_DEBUGGING_SYMBOLS = YES;
				GCC_MODEL_TUNING = NONE;
				"GCC_PREPROCESSOR_DEFINITIONS[arch=*]" = "APPSTORE=1";
				HEADER_SEARCH_PATHS = (
					"$(OF_CORE_HEADERS)",
					src,
					../../../addons/ofxEasing/src,
					../../../addons/ofxTextureRecorder/libs,
					../../../addons/ofxTextureRecorder/libs/half,
					../../../addons/ofxTextureRecorder/libs/half/include,
					../../../addons/ofxTextureRecorder/src,
					../../../addons/ofxSvg/libs,
					../../../addons/ofxSvg/libs/libxml2,
					../../../addons/ofxSvg/libs/libxml2/include,
					../../../addons/ofxSvg/libs/libxml2/include/libxml,
					../../../addons/ofxSvg/libs/libxml2/lib,
					../../../addons/ofxSvg/libs/libxml2/lib/osx,
					../../../addons/ofxSvg/libs/libxml2/license,
					../../../addons/ofxSvg/libs/svgtiny,
					../../../addons/ofxSvg/libs/svgtiny/include,
					../../../addons/ofxSvg/libs/svgtiny/lib,
					../../../addons/ofxSvg/libs/svgtiny/lib/osx,
					../../../addons/ofxSvg/libs/svgtiny/license,
					../../../addons/ofxSvg/src,
				);
				ICON = "$(ICON_NAME_RELEASE)";
				ICON_FILE = "$(ICON_FILE_PATH)$(ICON)";
				INFOPLIST_FILE = "openFrameworks-Info.plist";
				INSTALL_PATH = /Applications;
				LIBRARY_SEARCH_PATHS = "$(inherited)";
				OTHER_LDFLAGS = (
					"$(OF_CORE_FRAMEWORKS)",
					"$(OF_CORE_LIBS)",
					../../../addons/ofxSvg/libs/libxml2/lib/osx/xml2.a,
					../../../addons/ofxSvg/libs/svgtiny/lib/osx/svgtiny.a,
				);
				PRODUCT_NAME = "$(TARGET_NAME)";
				WRAPPER_EXTENSION = app;
				baseConfigurationReference = E4EB6923138AFD0F00A09F29;
			};
			name = AppStore;
		};
		E4B69B4E0A3A1720003C02F2 /* Debug */ = {
			isa = XCBuildConfiguration;
			baseConfigurationReference = E4EB6923138AFD0F00A09F29 /* Project.xcconfig */;
			buildSettings = {
				CONFIGURATION_BUILD_DIR = "$(SRCROOT)/bin/";
				COPY_PHASE_STRIP = NO;
				DEAD_CODE_STRIPPING = YES;
				GCC_AUTO_VECTORIZATION = YES;
				GCC_ENABLE_SSE3_EXTENSIONS = YES;
				GCC_ENABLE_SUPPLEMENTAL_SSE3_INSTRUCTIONS = YES;
				GCC_INLINES_ARE_PRIVATE_EXTERN = NO;
				GCC_OPTIMIZATION_LEVEL = 0;
				GCC_SYMBOLS_PRIVATE_EXTERN = NO;
				GCC_WARN_ABOUT_DEPRECATED_FUNCTIONS = YES;
				GCC_WARN_ABOUT_INVALID_OFFSETOF_MACRO = NO;
				GCC_WARN_ALLOW_INCOMPLETE_PROTOCOL = NO;
				GCC_WARN_UNINITIALIZED_AUTOS = NO;
				GCC_WARN_UNUSED_VALUE = NO;
				GCC_WARN_UNUSED_VARIABLE = NO;
				HEADER_SEARCH_PATHS = (
					"$(OF_CORE_HEADERS)",
					src,
					../../../addons/ofxEasing/src,
					../../../addons/ofxTextureRecorder/libs,
					../../../addons/ofxTextureRecorder/libs/half,
					../../../addons/ofxTextureRecorder/libs/half/include,
					../../../addons/ofxTextureRecorder/src,
					../../../addons/ofxSvg/libs,
					../../../addons/ofxSvg/libs/libxml2,
					../../../addons/ofxSvg/libs/libxml2/include,
					../../../addons/ofxSvg/libs/libxml2/include/libxml,
					../../../addons/ofxSvg/libs/libxml2/lib,
					../../../addons/ofxSvg/libs/libxml2/lib/osx,
					../../../addons/ofxSvg/libs/libxml2/license,
					../../../addons/ofxSvg/libs/svgtiny,
					../../../addons/ofxSvg/libs/svgtiny/include,
					../../../addons/ofxSvg/libs/svgtiny/lib,
					../../../addons/ofxSvg/libs/svgtiny/lib/osx,
					../../../addons/ofxSvg/libs/svgtiny/license,
					../../../addons/ofxSvg/src,
				);
				MACOSX_DEPLOYMENT_TARGET = 10.9;
				ONLY_ACTIVE_ARCH = YES;
				OTHER_CPLUSPLUSFLAGS = (
					"-D__MACOSX_CORE__",
					"-mtune=native",
				);
				OTHER_LDFLAGS = (
					"$(OF_CORE_FRAMEWORKS)",
					"$(OF_CORE_LIBS)",
					../../../addons/ofxSvg/libs/libxml2/lib/osx/xml2.a,
					../../../addons/ofxSvg/libs/svgtiny/lib/osx/svgtiny.a,
				);
				SDKROOT = macosx;
			};
			name = Debug;
		};
		E4B69B4F0A3A1720003C02F2 /* Release */ = {
			isa = XCBuildConfiguration;
			baseConfigurationReference = E4EB6923138AFD0F00A09F29 /* Project.xcconfig */;
			buildSettings = {
				CONFIGURATION_BUILD_DIR = "$(SRCROOT)/bin/";
				COPY_PHASE_STRIP = YES;
				DEAD_CODE_STRIPPING = YES;
				GCC_AUTO_VECTORIZATION = YES;
				GCC_ENABLE_SSE3_EXTENSIONS = YES;
				GCC_ENABLE_SUPPLEMENTAL_SSE3_INSTRUCTIONS = YES;
				GCC_INLINES_ARE_PRIVATE_EXTERN = NO;
				GCC_OPTIMIZATION_LEVEL = 3;
				GCC_SYMBOLS_PRIVATE_EXTERN = NO;
				GCC_UNROLL_LOOPS = YES;
				GCC_WARN_ABOUT_DEPRECATED_FUNCTIONS = YES;
				GCC_WARN_ABOUT_INVALID_OFFSETOF_MACRO = NO;
				GCC_WARN_ALLOW_INCOMPLETE_PROTOCOL = NO;
				GCC_WARN_UNINITIALIZED_AUTOS = NO;
				GCC_WARN_UNUSED_VALUE = NO;
				GCC_WARN_UNUSED_VARIABLE = NO;
				HEADER_SEARCH_PATHS = (
					"$(OF_CORE_HEADERS)",
					src,
					../../../addons/ofxEasing/src,
					../../../addons/ofxTextureRecorder/libs,
					../../../addons/ofxTextureRecorder/libs/half,
					../../../addons/ofxTextureRecorder/libs/half/include,
					../../../addons/ofxTextureRecorder/src,
					../../../addons/ofxSvg/libs,
					../../../addons/ofxSvg/libs/libxml2,
					../../../addons/ofxSvg/libs/libxml2/include,
					../../../addons/ofxSvg/libs/libxml2/include/libxml,
					../../../addons/ofxSvg/libs/libxml2/lib,
					../../../addons/ofxSvg/libs/libxml2/lib/osx,
					../../../addons/ofxSvg/libs/libxml2/license,
					../../../addons/ofxSvg/libs/svgtiny,
					../../../addons/ofxSvg/libs/svgtiny/include,
					../../../addons/ofxSvg/libs/svgtiny/lib,
					../../../addons/ofxSvg/libs/svgtiny/lib/osx,
					../../../addons/ofxSvg/libs/svgtiny/license,
					../../../addons/ofxSvg/src,
				);
				MACOSX_DEPLOYMENT_TARGET = 10.9;
				OTHER_CPLUSPLUSFLAGS = (
					"-D__MACOSX_CORE__",
					"-mtune=native",
				);
				OTHER_LDFLAGS = (
					"$(OF_CORE_FRAMEWORKS)",
					"$(OF_CORE_LIBS)",
					../../../addons/ofxSvg/libs/libxml2/lib/osx/xml2.a,
					../../../addons/ofxSvg/libs/svgtiny/lib/osx/svgtiny.a,
				);
				SDKROOT = macosx;
			};
			name = Release;
		};
		E4B69B600A3A1757003C02F2 /* Debug */ = {
			isa = XCBuildConfiguration;
			baseConfigurationReference = E4EB6923138AFD0F00A09F29 /* Project.xcconfig */;
			buildSettings = {
				COMBINE_HIDPI_IMAGES = YES;
				COPY_PHASE_STRIP = NO;
				FRAMEWORK_SEARCH_PATHS = "$(inherited)";
				GCC_DYNAMIC_NO_PIC = NO;
				GCC_GENERATE_DEBUGGING_SYMBOLS = YES;
				GCC_MODEL_TUNING = NONE;
				HEADER_SEARCH_PATHS = (
					"$(OF_CORE_HEADERS)",
					src,
					../../../addons/ofxEasing/src,
					../../../addons/ofxTextureRecorder/libs,
					../../../addons/ofxTextureRecorder/libs/half,
					../../../addons/ofxTextureRecorder/libs/half/include,
					../../../addons/ofxTextureRecorder/src,
					../../../addons/ofxSvg/libs,
					../../../addons/ofxSvg/libs/libxml2,
					../../../addons/ofxSvg/libs/libxml2/include,
					../../../addons/ofxSvg/libs/libxml2/include/libxml,
					../../../addons/ofxSvg/libs/libxml2/lib,
					../../../addons/ofxSvg/libs/libxml2/lib/osx,
					../../../addons/ofxSvg/libs/libxml2/license,
					../../../addons/ofxSvg/libs/svgtiny,
					../../../addons/ofxSvg/libs/svgtiny/include,
					../../../addons/ofxSvg/libs/svgtiny/lib,
					../../../addons/ofxSvg/libs/svgtiny/lib/osx,
					../../../addons/ofxSvg/libs/svgtiny/license,
					../../../addons/ofxSvg/src,
				);
				ICON = "$(ICON_NAME_DEBUG)";
				ICON_FILE = "$(ICON_FILE_PATH)$(ICON)";
				INFOPLIST_FILE = "openFrameworks-Info.plist";
				INSTALL_PATH = /Applications;
				LIBRARY_SEARCH_PATHS = "$(inherited)";
				OTHER_LDFLAGS = (
					"$(OF_CORE_FRAMEWORKS)",
					"$(OF_CORE_LIBS)",
					../../../addons/ofxSvg/libs/libxml2/lib/osx/xml2.a,
					../../../addons/ofxSvg/libs/svgtiny/lib/osx/svgtiny.a,
				);
				PRODUCT_NAME = "$(TARGET_NAME)Debug";
				WRAPPER_EXTENSION = app;
			};
			name = Debug;
		};
		E4B69B610A3A1757003C02F2 /* Release */ = {
			isa = XCBuildConfiguration;
			baseConfigurationReference = E4EB6923138AFD0F00A09F29 /* Project.xcconfig */;
			buildSettings = {
				COMBINE_HIDPI_IMAGES = YES;
				COPY_PHASE_STRIP = YES;
				FRAMEWORK_SEARCH_PATHS = "$(inherited)";
				GCC_GENERATE_DEBUGGING_SYMBOLS = YES;
				GCC_MODEL_TUNING = NONE;
				HEADER_SEARCH_PATHS = (
					"$(OF_CORE_HEADERS)",
					src,
					../../../addons/ofxEasing/src,
					../../../addons/ofxTextureRecorder/libs,
					../../../addons/ofxTextureRecorder/libs/half,
					../../../addons/ofxTextureRecorder/libs/half/include,
					../../../addons/ofxTextureRecorder/src,
					../../../addons/ofxSvg/libs,
					../../../addons/ofxSvg/libs/libxml2,
					../../../addons/ofxSvg/libs/libxml2/include,
					../../../addons/ofxSvg/libs/libxml2/include/libxml,
					../../../addons/ofxSvg/libs/libxml2/lib,
					../../../addons/ofxSvg/libs/libxml2/lib/osx,
					../../../addons/ofxSvg/libs/libxml2/license,
					../../../addons/ofxSvg/libs/svgtiny,
					../../../addons/ofxSvg/libs/svgtiny/include,
					../../../addons/ofxSvg/libs/svgtiny/lib,
					../../../addons/ofxSvg/libs/svgtiny/lib/osx,
					../../../addons/ofxSvg/libs/svgtiny/license,
					../../../addons/ofxSvg/src,
				);
				ICON = "$(ICON_NAME_RELEASE)";
				ICON_FILE = "$(ICON_FILE_PATH)$(ICON)";
				INFOPLIST_FILE = "openFrameworks-Info.plist";
				INSTALL_PATH = /Applications;
				LIBRARY_SEARCH_PATHS = "$(inherited)";
				OTHER_LDFLAGS = (
					"$(OF_CORE_FRAMEWORKS)",
					"$(OF_CORE_LIBS)",
					../../../addons/ofxSvg/libs/libxml2/lib/osx/xml2.a,
					../../../addons/ofxSvg/libs/svgtiny/lib/osx/svgtiny.a,
				);
				PRODUCT_NAME = "$(TARGET_NAME)";
				WRAPPER_EXTENSION = app;
				baseConfigurationReference = E4EB6923138AFD0F00A09F29;
			};
			name = Release;
		};
/* End XCBuildConfiguration section */

/* Begin XCConfigurationList section */
		E4B69B4D0A3A1720003C02F2 /* Build configuration list for PBXProject "RfRenderer_01" */ = {
			isa = XCConfigurationList;
			buildConfigurations = (
				E4B69B4E0A3A1720003C02F2 /* Debug */,
				E4B69B4F0A3A1720003C02F2 /* Release */,
				99FA3DBB1C7456C400CFA0EE /* AppStore */,
			);
			defaultConfigurationIsVisible = 0;
			defaultConfigurationName = Release;
		};
		E4B69B5F0A3A1757003C02F2 /* Build configuration list for PBXNativeTarget "RfRenderer_01" */ = {
			isa = XCConfigurationList;
			buildConfigurations = (
				E4B69B600A3A1757003C02F2 /* Debug */,
				E4B69B610A3A1757003C02F2 /* Release */,
				99FA3DBC1C7456C400CFA0EE /* AppStore */,
			);
			defaultConfigurationIsVisible = 0;
			defaultConfigurationName = Release;
		};
/* End XCConfigurationList section */
	};
	rootObject = E4B69B4C0A3A1720003C02F2 /* Project object */;
}
